
Microsoft Visual Studio Solution File, Format Version 12.00
# Visual Studio Version 17
VisualStudioVersion = 17.3.32929.385
MinimumVisualStudioVersion = 10.0.40219.1
Project("{FAE04EC0-301F-11D3-BF4B-00C04F79EFBC}") = "DragAnDrop", "DragAnDrop\DragAnDrop.csproj", "{17AFC8CD-9B59-4903-9999-A15E02DF7A02}"
EndProject
Global
	GlobalSection(SolutionConfigurationPlatforms) = preSolution
		Debug|Any CPU = Debug|Any CPU
		Release|Any CPU = Release|Any CPU
	EndGlobalSection
	GlobalSection(ProjectConfigurationPlatforms) = postSolution
		{17AFC8CD-9B59-4903-9999-A15E02DF7A02}.Debug|Any CPU.ActiveCfg = Debug|Any CPU
		{17AFC8CD-9B59-4903-9999-A15E02DF7A02}.Debug|Any CPU.Build.0 = Debug|Any CPU
		{17AFC8CD-9B59-4903-9999-A15E02DF7A02}.Release|Any CPU.ActiveCfg = Release|Any CPU
		{17AFC8CD-9B59-4903-9999-A15E02DF7A02}.Release|Any CPU.Build.0 = Release|Any CPU
	EndGlobalSection
	GlobalSection(SolutionProperties) = preSolution
		HideSolutionNode = FALSE
	EndGlobalSection
	GlobalSection(ExtensibilityGlobals) = postSolution
		SolutionGuid = {CDAFAFD4-7B25-4C06-9015-39D96A607047}
	EndGlobalSection
EndGlobal
